// !$*UTF8*$!
{
	archiveVersion = 1;
	classes = {
	};
	objectVersion = 77;
	objects = {

/* Begin PBXBuildFile section */
		407D389F2D78D9B900DAF120 /* PersistenceManager.swift in Sources */ = {isa = PBXBuildFile; fileRef = 407D389E2D78D9B900DAF120 /* PersistenceManager.swift */; };
		40C5BADD2D6E58F800E7AA91 /* Assets.xcassets in Resources */ = {isa = PBXBuildFile; fileRef = 40C5BAD22D6E58F800E7AA91 /* Assets.xcassets */; };
		40C5BADF2D6E58F800E7AA91 /* LaunchScreen.storyboard in Resources */ = {isa = PBXBuildFile; fileRef = 40C5BAD52D6E58F800E7AA91 /* LaunchScreen.storyboard */; };
		40C5BAE02D6E58F800E7AA91 /* Main.storyboard in Resources */ = {isa = PBXBuildFile; fileRef = 40C5BAD72D6E58F800E7AA91 /* Main.storyboard */; };
		40C5BAE12D6E58F800E7AA91 /* AppDelegate.swift in Sources */ = {isa = PBXBuildFile; fileRef = 40C5BAD12D6E58F800E7AA91 /* AppDelegate.swift */; };
		40C5BAE22D6E58F800E7AA91 /* Milestone5_CapThatPic.xcdatamodeld in Sources */ = {isa = PBXBuildFile; fileRef = 40C5BAD82D6E58F800E7AA91 /* Milestone5_CapThatPic.xcdatamodeld */; };
		40C5BAE32D6E58F800E7AA91 /* SceneDelegate.swift in Sources */ = {isa = PBXBuildFile; fileRef = 40C5BAD92D6E58F800E7AA91 /* SceneDelegate.swift */; };
		40C5BAE42D6E58F800E7AA91 /* HomeTableVC.swift in Sources */ = {isa = PBXBuildFile; fileRef = 40C5BADA2D6E58F800E7AA91 /* HomeTableVC.swift */; };
		40C5BAE82D6E5A5A00E7AA91 /* DetailVC.swift in Sources */ = {isa = PBXBuildFile; fileRef = 40C5BAE72D6E5A5A00E7AA91 /* DetailVC.swift */; };
		40C5BAEC2D6E5E3800E7AA91 /* CaptionedImage.swift in Sources */ = {isa = PBXBuildFile; fileRef = 40C5BAEB2D6E5E3800E7AA91 /* CaptionedImage.swift */; };
		40C88CED2D811EB80056A65E /* UIViewController+Ext.swift in Sources */ = {isa = PBXBuildFile; fileRef = 40C88CEC2D811EB80056A65E /* UIViewController+Ext.swift */; };
		40C88CEE2D811EB80056A65E /* UIViewController+Ext.swift in Sources */ = {isa = PBXBuildFile; fileRef = 40C88CEC2D811EB80056A65E /* UIViewController+Ext.swift */; };
		40F28AE42D7B45D7005BE6D4 /* HomeTableVC+Ext.swift in Sources */ = {isa = PBXBuildFile; fileRef = 40F28AE32D7B45D7005BE6D4 /* HomeTableVC+Ext.swift */; };
		40F28AE52D7B45D7005BE6D4 /* HomeTableVC+Ext.swift in Sources */ = {isa = PBXBuildFile; fileRef = 40F28AE32D7B45D7005BE6D4 /* HomeTableVC+Ext.swift */; };
		40FEBC252D7747CA00A91B9B /* CaptionedImageCell.swift in Sources */ = {isa = PBXBuildFile; fileRef = 40FEBC242D7747CA00A91B9B /* CaptionedImageCell.swift */; };
		40FEBC292D774D9100A91B9B /* Constants+Utils.swift in Sources */ = {isa = PBXBuildFile; fileRef = 40FEBC282D774D9100A91B9B /* Constants+Utils.swift */; };
		40FEBC2B2D77528D00A91B9B /* UIAlertController+Ext.swift in Sources */ = {isa = PBXBuildFile; fileRef = 40FEBC2A2D77528D00A91B9B /* UIAlertController+Ext.swift */; };
		40FEBC2C2D77528D00A91B9B /* UIAlertController+Ext.swift in Sources */ = {isa = PBXBuildFile; fileRef = 40FEBC2A2D77528D00A91B9B /* UIAlertController+Ext.swift */; };
/* End PBXBuildFile section */

/* Begin PBXContainerItemProxy section */
		40C5BAB42D6E588900E7AA91 /* PBXContainerItemProxy */ = {
			isa = PBXContainerItemProxy;
			containerPortal = 40C5BA922D6E588100E7AA91 /* Project object */;
			proxyType = 1;
			remoteGlobalIDString = 40C5BA992D6E588100E7AA91;
			remoteInfo = "Milestone5-CapThatPic";
		};
		40C5BABE2D6E588900E7AA91 /* PBXContainerItemProxy */ = {
			isa = PBXContainerItemProxy;
			containerPortal = 40C5BA922D6E588100E7AA91 /* Project object */;
			proxyType = 1;
			remoteGlobalIDString = 40C5BA992D6E588100E7AA91;
			remoteInfo = "Milestone5-CapThatPic";
		};
/* End PBXContainerItemProxy section */

/* Begin PBXFileReference section */
		407D389E2D78D9B900DAF120 /* PersistenceManager.swift */ = {isa = PBXFileReference; lastKnownFileType = sourcecode.swift; path = PersistenceManager.swift; sourceTree = "<group>"; };
		40C5BA9A2D6E588100E7AA91 /* Milestone5-CapThatPic.app */ = {isa = PBXFileReference; explicitFileType = wrapper.application; includeInIndex = 0; path = "Milestone5-CapThatPic.app"; sourceTree = BUILT_PRODUCTS_DIR; };
		40C5BAB32D6E588900E7AA91 /* Milestone5-CapThatPicTests.xctest */ = {isa = PBXFileReference; explicitFileType = wrapper.cfbundle; includeInIndex = 0; path = "Milestone5-CapThatPicTests.xctest"; sourceTree = BUILT_PRODUCTS_DIR; };
		40C5BABD2D6E588900E7AA91 /* Milestone5-CapThatPicUITests.xctest */ = {isa = PBXFileReference; explicitFileType = wrapper.cfbundle; includeInIndex = 0; path = "Milestone5-CapThatPicUITests.xctest"; sourceTree = BUILT_PRODUCTS_DIR; };
		40C5BAD12D6E58F800E7AA91 /* AppDelegate.swift */ = {isa = PBXFileReference; lastKnownFileType = sourcecode.swift; path = AppDelegate.swift; sourceTree = "<group>"; };
		40C5BAD22D6E58F800E7AA91 /* Assets.xcassets */ = {isa = PBXFileReference; lastKnownFileType = folder.assetcatalog; path = Assets.xcassets; sourceTree = "<group>"; };
		40C5BAD32D6E58F800E7AA91 /* Info.plist */ = {isa = PBXFileReference; lastKnownFileType = text.plist.xml; path = Info.plist; sourceTree = "<group>"; };
		40C5BAD42D6E58F800E7AA91 /* Base */ = {isa = PBXFileReference; lastKnownFileType = file.storyboard; name = Base; path = Base.lproj/LaunchScreen.storyboard; sourceTree = "<group>"; };
		40C5BAD62D6E58F800E7AA91 /* Base */ = {isa = PBXFileReference; lastKnownFileType = file.storyboard; name = Base; path = Base.lproj/Main.storyboard; sourceTree = "<group>"; };
		40C5BAD92D6E58F800E7AA91 /* SceneDelegate.swift */ = {isa = PBXFileReference; lastKnownFileType = sourcecode.swift; path = SceneDelegate.swift; sourceTree = "<group>"; };
		40C5BADA2D6E58F800E7AA91 /* HomeTableVC.swift */ = {isa = PBXFileReference; lastKnownFileType = sourcecode.swift; path = HomeTableVC.swift; sourceTree = "<group>"; };
		40C5BADC2D6E58F800E7AA91 /* Milestone5_CapThatPic.xcdatamodel */ = {isa = PBXFileReference; lastKnownFileType = wrapper.xcdatamodel; path = Milestone5_CapThatPic.xcdatamodel; sourceTree = "<group>"; };
		40C5BAE72D6E5A5A00E7AA91 /* DetailVC.swift */ = {isa = PBXFileReference; lastKnownFileType = sourcecode.swift; path = DetailVC.swift; sourceTree = "<group>"; };
		40C5BAEB2D6E5E3800E7AA91 /* CaptionedImage.swift */ = {isa = PBXFileReference; lastKnownFileType = sourcecode.swift; path = CaptionedImage.swift; sourceTree = "<group>"; };
		40C88CEC2D811EB80056A65E /* UIViewController+Ext.swift */ = {isa = PBXFileReference; lastKnownFileType = sourcecode.swift; path = "UIViewController+Ext.swift"; sourceTree = "<group>"; };
		40F28AE32D7B45D7005BE6D4 /* HomeTableVC+Ext.swift */ = {isa = PBXFileReference; lastKnownFileType = sourcecode.swift; path = "HomeTableVC+Ext.swift"; sourceTree = "<group>"; };
		40FEBC242D7747CA00A91B9B /* CaptionedImageCell.swift */ = {isa = PBXFileReference; lastKnownFileType = sourcecode.swift; path = CaptionedImageCell.swift; sourceTree = "<group>"; };
		40FEBC282D774D9100A91B9B /* Constants+Utils.swift */ = {isa = PBXFileReference; lastKnownFileType = sourcecode.swift; path = "Constants+Utils.swift"; sourceTree = "<group>"; };
		40FEBC2A2D77528D00A91B9B /* UIAlertController+Ext.swift */ = {isa = PBXFileReference; lastKnownFileType = sourcecode.swift; path = "UIAlertController+Ext.swift"; sourceTree = "<group>"; };
/* End PBXFileReference section */

/* Begin PBXFileSystemSynchronizedRootGroup section */
		40C5BAB62D6E588900E7AA91 /* Milestone5-CapThatPicTests */ = {
			isa = PBXFileSystemSynchronizedRootGroup;
			path = "Milestone5-CapThatPicTests";
			sourceTree = "<group>";
		};
		40C5BAC02D6E588900E7AA91 /* Milestone5-CapThatPicUITests */ = {
			isa = PBXFileSystemSynchronizedRootGroup;
			path = "Milestone5-CapThatPicUITests";
			sourceTree = "<group>";
		};
/* End PBXFileSystemSynchronizedRootGroup section */

/* Begin PBXFrameworksBuildPhase section */
		40C5BA972D6E588100E7AA91 /* Frameworks */ = {
			isa = PBXFrameworksBuildPhase;
			buildActionMask = 2147483647;
			files = (
			);
			runOnlyForDeploymentPostprocessing = 0;
		};
		40C5BAB02D6E588900E7AA91 /* Frameworks */ = {
			isa = PBXFrameworksBuildPhase;
			buildActionMask = 2147483647;
			files = (
			);
			runOnlyForDeploymentPostprocessing = 0;
		};
		40C5BABA2D6E588900E7AA91 /* Frameworks */ = {
			isa = PBXFrameworksBuildPhase;
			buildActionMask = 2147483647;
			files = (
			);
			runOnlyForDeploymentPostprocessing = 0;
		};
/* End PBXFrameworksBuildPhase section */

/* Begin PBXGroup section */
		407D389D2D78D93000DAF120 /* Managers */ = {
			isa = PBXGroup;
			children = (
				407D389E2D78D9B900DAF120 /* PersistenceManager.swift */,
			);
			path = Managers;
			sourceTree = "<group>";
		};
		40C5BA912D6E588100E7AA91 = {
			isa = PBXGroup;
			children = (
				40C5BADB2D6E58F800E7AA91 /* Milestone5-CapThatPic */,
				40C5BAB62D6E588900E7AA91 /* Milestone5-CapThatPicTests */,
				40C5BAC02D6E588900E7AA91 /* Milestone5-CapThatPicUITests */,
				40C5BA9B2D6E588100E7AA91 /* Products */,
			);
			sourceTree = "<group>";
		};
		40C5BA9B2D6E588100E7AA91 /* Products */ = {
			isa = PBXGroup;
			children = (
				40C5BA9A2D6E588100E7AA91 /* Milestone5-CapThatPic.app */,
				40C5BAB32D6E588900E7AA91 /* Milestone5-CapThatPicTests.xctest */,
				40C5BABD2D6E588900E7AA91 /* Milestone5-CapThatPicUITests.xctest */,
			);
			name = Products;
			sourceTree = "<group>";
		};
		40C5BADB2D6E58F800E7AA91 /* Milestone5-CapThatPic */ = {
			isa = PBXGroup;
			children = (
				407D389D2D78D93000DAF120 /* Managers */,
				40FEBC2D2D77529200A91B9B /* Extensions */,
				40FEBC272D774D6800A91B9B /* Utilities */,
				40C5BAE92D6E5E0900E7AA91 /* Models */,
				40FEBC262D7747D900A91B9B /* CustomViews */,
				40C5BAE62D6E599E00E7AA91 /* Screens */,
				40C5BAE52D6E590D00E7AA91 /* Support */,
				40C5BAD32D6E58F800E7AA91 /* Info.plist */,
			);
			path = "Milestone5-CapThatPic";
			sourceTree = "<group>";
		};
		40C5BAE52D6E590D00E7AA91 /* Support */ = {
			isa = PBXGroup;
			children = (
				40C5BAD12D6E58F800E7AA91 /* AppDelegate.swift */,
				40C5BAD92D6E58F800E7AA91 /* SceneDelegate.swift */,
				40C5BAD72D6E58F800E7AA91 /* Main.storyboard */,
				40C5BAD52D6E58F800E7AA91 /* LaunchScreen.storyboard */,
				40C5BAD22D6E58F800E7AA91 /* Assets.xcassets */,
				40C5BAD82D6E58F800E7AA91 /* Milestone5_CapThatPic.xcdatamodeld */,
			);
			path = Support;
			sourceTree = "<group>";
		};
		40C5BAE62D6E599E00E7AA91 /* Screens */ = {
			isa = PBXGroup;
			children = (
				40C5BADA2D6E58F800E7AA91 /* HomeTableVC.swift */,
				40C5BAE72D6E5A5A00E7AA91 /* DetailVC.swift */,
			);
			path = Screens;
			sourceTree = "<group>";
		};
		40C5BAE92D6E5E0900E7AA91 /* Models */ = {
			isa = PBXGroup;
			children = (
				40C5BAEB2D6E5E3800E7AA91 /* CaptionedImage.swift */,
			);
			path = Models;
			sourceTree = "<group>";
		};
		40FEBC262D7747D900A91B9B /* CustomViews */ = {
			isa = PBXGroup;
			children = (
				40FEBC242D7747CA00A91B9B /* CaptionedImageCell.swift */,
			);
			path = CustomViews;
			sourceTree = "<group>";
		};
		40FEBC272D774D6800A91B9B /* Utilities */ = {
			isa = PBXGroup;
			children = (
				40FEBC282D774D9100A91B9B /* Constants+Utils.swift */,
			);
			path = Utilities;
			sourceTree = "<group>";
		};
		40FEBC2D2D77529200A91B9B /* Extensions */ = {
			isa = PBXGroup;
			children = (
				40FEBC2A2D77528D00A91B9B /* UIAlertController+Ext.swift */,
				40C88CEC2D811EB80056A65E /* UIViewController+Ext.swift */,
				40F28AE32D7B45D7005BE6D4 /* HomeTableVC+Ext.swift */,
			);
			path = Extensions;
			sourceTree = "<group>";
		};
/* End PBXGroup section */

/* Begin PBXNativeTarget section */
		40C5BA992D6E588100E7AA91 /* Milestone5-CapThatPic */ = {
			isa = PBXNativeTarget;
			buildConfigurationList = 40C5BAC62D6E588900E7AA91 /* Build configuration list for PBXNativeTarget "Milestone5-CapThatPic" */;
			buildPhases = (
				40C5BA962D6E588100E7AA91 /* Sources */,
				40C5BA972D6E588100E7AA91 /* Frameworks */,
				40C5BA982D6E588100E7AA91 /* Resources */,
			);
			buildRules = (
			);
			dependencies = (
			);
			name = "Milestone5-CapThatPic";
			packageProductDependencies = (
			);
			productName = "Milestone5-CapThatPic";
			productReference = 40C5BA9A2D6E588100E7AA91 /* Milestone5-CapThatPic.app */;
			productType = "com.apple.product-type.application";
		};
		40C5BAB22D6E588900E7AA91 /* Milestone5-CapThatPicTests */ = {
			isa = PBXNativeTarget;
			buildConfigurationList = 40C5BACB2D6E588900E7AA91 /* Build configuration list for PBXNativeTarget "Milestone5-CapThatPicTests" */;
			buildPhases = (
				40C5BAAF2D6E588900E7AA91 /* Sources */,
				40C5BAB02D6E588900E7AA91 /* Frameworks */,
				40C5BAB12D6E588900E7AA91 /* Resources */,
			);
			buildRules = (
			);
			dependencies = (
				40C5BAB52D6E588900E7AA91 /* PBXTargetDependency */,
			);
			fileSystemSynchronizedGroups = (
				40C5BAB62D6E588900E7AA91 /* Milestone5-CapThatPicTests */,
			);
			name = "Milestone5-CapThatPicTests";
			packageProductDependencies = (
			);
			productName = "Milestone5-CapThatPicTests";
			productReference = 40C5BAB32D6E588900E7AA91 /* Milestone5-CapThatPicTests.xctest */;
			productType = "com.apple.product-type.bundle.unit-test";
		};
		40C5BABC2D6E588900E7AA91 /* Milestone5-CapThatPicUITests */ = {
			isa = PBXNativeTarget;
			buildConfigurationList = 40C5BACE2D6E588900E7AA91 /* Build configuration list for PBXNativeTarget "Milestone5-CapThatPicUITests" */;
			buildPhases = (
				40C5BAB92D6E588900E7AA91 /* Sources */,
				40C5BABA2D6E588900E7AA91 /* Frameworks */,
				40C5BABB2D6E588900E7AA91 /* Resources */,
			);
			buildRules = (
			);
			dependencies = (
				40C5BABF2D6E588900E7AA91 /* PBXTargetDependency */,
			);
			fileSystemSynchronizedGroups = (
				40C5BAC02D6E588900E7AA91 /* Milestone5-CapThatPicUITests */,
			);
			name = "Milestone5-CapThatPicUITests";
			packageProductDependencies = (
			);
			productName = "Milestone5-CapThatPicUITests";
			productReference = 40C5BABD2D6E588900E7AA91 /* Milestone5-CapThatPicUITests.xctest */;
			productType = "com.apple.product-type.bundle.ui-testing";
		};
/* End PBXNativeTarget section */

/* Begin PBXProject section */
		40C5BA922D6E588100E7AA91 /* Project object */ = {
			isa = PBXProject;
			attributes = {
				BuildIndependentTargetsInParallel = 1;
				LastSwiftUpdateCheck = 1620;
				LastUpgradeCheck = 1620;
				TargetAttributes = {
					40C5BA992D6E588100E7AA91 = {
						CreatedOnToolsVersion = 16.2;
					};
					40C5BAB22D6E588900E7AA91 = {
						CreatedOnToolsVersion = 16.2;
						TestTargetID = 40C5BA992D6E588100E7AA91;
					};
					40C5BABC2D6E588900E7AA91 = {
						CreatedOnToolsVersion = 16.2;
						TestTargetID = 40C5BA992D6E588100E7AA91;
					};
				};
			};
			buildConfigurationList = 40C5BA952D6E588100E7AA91 /* Build configuration list for PBXProject "Milestone5-CapThatPic" */;
			developmentRegion = en;
			hasScannedForEncodings = 0;
			knownRegions = (
				en,
				Base,
			);
			mainGroup = 40C5BA912D6E588100E7AA91;
			minimizedProjectReferenceProxies = 1;
			preferredProjectObjectVersion = 77;
			productRefGroup = 40C5BA9B2D6E588100E7AA91 /* Products */;
			projectDirPath = "";
			projectRoot = "";
			targets = (
				40C5BA992D6E588100E7AA91 /* Milestone5-CapThatPic */,
				40C5BAB22D6E588900E7AA91 /* Milestone5-CapThatPicTests */,
				40C5BABC2D6E588900E7AA91 /* Milestone5-CapThatPicUITests */,
			);
		};
/* End PBXProject section */

/* Begin PBXResourcesBuildPhase section */
		40C5BA982D6E588100E7AA91 /* Resources */ = {
			isa = PBXResourcesBuildPhase;
			buildActionMask = 2147483647;
			files = (
				40C5BADD2D6E58F800E7AA91 /* Assets.xcassets in Resources */,
				40C5BADF2D6E58F800E7AA91 /* LaunchScreen.storyboard in Resources */,
				40C5BAE02D6E58F800E7AA91 /* Main.storyboard in Resources */,
			);
			runOnlyForDeploymentPostprocessing = 0;
		};
		40C5BAB12D6E588900E7AA91 /* Resources */ = {
			isa = PBXResourcesBuildPhase;
			buildActionMask = 2147483647;
			files = (
			);
			runOnlyForDeploymentPostprocessing = 0;
		};
		40C5BABB2D6E588900E7AA91 /* Resources */ = {
			isa = PBXResourcesBuildPhase;
			buildActionMask = 2147483647;
			files = (
			);
			runOnlyForDeploymentPostprocessing = 0;
		};
/* End PBXResourcesBuildPhase section */

/* Begin PBXSourcesBuildPhase section */
		40C5BA962D6E588100E7AA91 /* Sources */ = {
			isa = PBXSourcesBuildPhase;
			buildActionMask = 2147483647;
			files = (
				40C5BAE82D6E5A5A00E7AA91 /* DetailVC.swift in Sources */,
				407D389F2D78D9B900DAF120 /* PersistenceManager.swift in Sources */,
				40C88CEE2D811EB80056A65E /* UIViewController+Ext.swift in Sources */,
				40FEBC292D774D9100A91B9B /* Constants+Utils.swift in Sources */,
				40C5BAE12D6E58F800E7AA91 /* AppDelegate.swift in Sources */,
				40FEBC2C2D77528D00A91B9B /* UIAlertController+Ext.swift in Sources */,
				40C5BAE22D6E58F800E7AA91 /* Milestone5_CapThatPic.xcdatamodeld in Sources */,
				40C5BAE32D6E58F800E7AA91 /* SceneDelegate.swift in Sources */,
				40C5BAE42D6E58F800E7AA91 /* HomeTableVC.swift in Sources */,
				40FEBC252D7747CA00A91B9B /* CaptionedImageCell.swift in Sources */,
				40F28AE52D7B45D7005BE6D4 /* HomeTableVC+Ext.swift in Sources */,
				40C5BAEC2D6E5E3800E7AA91 /* CaptionedImage.swift in Sources */,
			);
			runOnlyForDeploymentPostprocessing = 0;
		};
		40C5BAAF2D6E588900E7AA91 /* Sources */ = {
			isa = PBXSourcesBuildPhase;
			buildActionMask = 2147483647;
			files = (
				40F28AE42D7B45D7005BE6D4 /* HomeTableVC+Ext.swift in Sources */,
				40C88CED2D811EB80056A65E /* UIViewController+Ext.swift in Sources */,
				40FEBC2B2D77528D00A91B9B /* UIAlertController+Ext.swift in Sources */,
			);
			runOnlyForDeploymentPostprocessing = 0;
		};
		40C5BAB92D6E588900E7AA91 /* Sources */ = {
			isa = PBXSourcesBuildPhase;
			buildActionMask = 2147483647;
			files = (
			);
			runOnlyForDeploymentPostprocessing = 0;
		};
/* End PBXSourcesBuildPhase section */

/* Begin PBXTargetDependency section */
		40C5BAB52D6E588900E7AA91 /* PBXTargetDependency */ = {
			isa = PBXTargetDependency;
			target = 40C5BA992D6E588100E7AA91 /* Milestone5-CapThatPic */;
			targetProxy = 40C5BAB42D6E588900E7AA91 /* PBXContainerItemProxy */;
		};
		40C5BABF2D6E588900E7AA91 /* PBXTargetDependency */ = {
			isa = PBXTargetDependency;
			target = 40C5BA992D6E588100E7AA91 /* Milestone5-CapThatPic */;
			targetProxy = 40C5BABE2D6E588900E7AA91 /* PBXContainerItemProxy */;
		};
/* End PBXTargetDependency section */

/* Begin PBXVariantGroup section */
		40C5BAD52D6E58F800E7AA91 /* LaunchScreen.storyboard */ = {
			isa = PBXVariantGroup;
			children = (
				40C5BAD42D6E58F800E7AA91 /* Base */,
			);
			name = LaunchScreen.storyboard;
			sourceTree = "<group>";
		};
		40C5BAD72D6E58F800E7AA91 /* Main.storyboard */ = {
			isa = PBXVariantGroup;
			children = (
				40C5BAD62D6E58F800E7AA91 /* Base */,
			);
			name = Main.storyboard;
			sourceTree = "<group>";
		};
/* End PBXVariantGroup section */

/* Begin XCBuildConfiguration section */
		40C5BAC72D6E588900E7AA91 /* Debug */ = {
			isa = XCBuildConfiguration;
			buildSettings = {
				ASSETCATALOG_COMPILER_APPICON_NAME = AppIcon;
				ASSETCATALOG_COMPILER_GLOBAL_ACCENT_COLOR_NAME = AccentColor;
				CODE_SIGN_STYLE = Automatic;
				CURRENT_PROJECT_VERSION = 1;
				DEVELOPMENT_TEAM = M9MT23QW7V;
				GENERATE_INFOPLIST_FILE = YES;
				INFOPLIST_FILE = "Milestone5-CapThatPic/Info.plist";
				INFOPLIST_KEY_NSCameraUsageDescription = "Do we have your permission to access your camera?";
				INFOPLIST_KEY_NSPhotoLibraryAddUsageDescription = "Do we have your permission to access your photo library?";
				INFOPLIST_KEY_UIApplicationSupportsIndirectInputEvents = YES;
				INFOPLIST_KEY_UILaunchStoryboardName = LaunchScreen;
				INFOPLIST_KEY_UIMainStoryboardFile = Main;
				INFOPLIST_KEY_UIRequiresFullScreen = YES;
				INFOPLIST_KEY_UISupportedInterfaceOrientations = "UIInterfaceOrientationLandscapeLeft UIInterfaceOrientationLandscapeRight UIInterfaceOrientationPortrait";
				INFOPLIST_KEY_UISupportedInterfaceOrientations_iPad = "UIInterfaceOrientationPortrait UIInterfaceOrientationPortraitUpsideDown";
				LD_RUNPATH_SEARCH_PATHS = (
					"$(inherited)",
					"@executable_path/Frameworks",
				);
				MARKETING_VERSION = 1.0;
				PRODUCT_BUNDLE_IDENTIFIER = "noahpope.Mileston5-CapThatPic";
				PRODUCT_NAME = "$(TARGET_NAME)";
				SWIFT_EMIT_LOC_STRINGS = YES;
				SWIFT_VERSION = 5.0;
				TARGETED_DEVICE_FAMILY = "1,2";
			};
			name = Debug;
		};
		40C5BAC82D6E588900E7AA91 /* Release */ = {
			isa = XCBuildConfiguration;
			buildSettings = {
				ASSETCATALOG_COMPILER_APPICON_NAME = AppIcon;
				ASSETCATALOG_COMPILER_GLOBAL_ACCENT_COLOR_NAME = AccentColor;
				CODE_SIGN_STYLE = Automatic;
				CURRENT_PROJECT_VERSION = 1;
				DEVELOPMENT_TEAM = M9MT23QW7V;
				GENERATE_INFOPLIST_FILE = YES;
				INFOPLIST_FILE = "Milestone5-CapThatPic/Info.plist";
				INFOPLIST_KEY_NSCameraUsageDescription = "Do we have your permission to access your camera?";
				INFOPLIST_KEY_NSPhotoLibraryAddUsageDescription = "Do we have your permission to access your photo library?";
				INFOPLIST_KEY_UIApplicationSupportsIndirectInputEvents = YES;
				INFOPLIST_KEY_UILaunchStoryboardName = LaunchScreen;
				INFOPLIST_KEY_UIMainStoryboardFile = Main;
				INFOPLIST_KEY_UIRequiresFullScreen = YES;
				INFOPLIST_KEY_UISupportedInterfaceOrientations = "UIInterfaceOrientationLandscapeLeft UIInterfaceOrientationLandscapeRight UIInterfaceOrientationPortrait";
				INFOPLIST_KEY_UISupportedInterfaceOrientations_iPad = "UIInterfaceOrientationPortrait UIInterfaceOrientationPortraitUpsideDown";
				LD_RUNPATH_SEARCH_PATHS = (
					"$(inherited)",
					"@executable_path/Frameworks",
				);
				MARKETING_VERSION = 1.0;
				PRODUCT_BUNDLE_IDENTIFIER = "noahpope.Mileston5-CapThatPic";
				PRODUCT_NAME = "$(TARGET_NAME)";
				SWIFT_EMIT_LOC_STRINGS = YES;
				SWIFT_VERSION = 5.0;
				TARGETED_DEVICE_FAMILY = "1,2";
			};
			name = Release;
		};
		40C5BAC92D6E588900E7AA91 /* Debug */ = {
			isa = XCBuildConfiguration;
			buildSettings = {
				ALWAYS_SEARCH_USER_PATHS = NO;
				ASSETCATALOG_COMPILER_GENERATE_SWIFT_ASSET_SYMBOL_EXTENSIONS = YES;
				CLANG_ANALYZER_NONNULL = YES;
				CLANG_ANALYZER_NUMBER_OBJECT_CONVERSION = YES_AGGRESSIVE;
				CLANG_CXX_LANGUAGE_STANDARD = "gnu++20";
				CLANG_ENABLE_MODULES = YES;
				CLANG_ENABLE_OBJC_ARC = YES;
				CLANG_ENABLE_OBJC_WEAK = YES;
				CLANG_WARN_BLOCK_CAPTURE_AUTORELEASING = YES;
				CLANG_WARN_BOOL_CONVERSION = YES;
				CLANG_WARN_COMMA = YES;
				CLANG_WARN_CONSTANT_CONVERSION = YES;
				CLANG_WARN_DEPRECATED_OBJC_IMPLEMENTATIONS = YES;
				CLANG_WARN_DIRECT_OBJC_ISA_USAGE = YES_ERROR;
				CLANG_WARN_DOCUMENTATION_COMMENTS = YES;
				CLANG_WARN_EMPTY_BODY = YES;
				CLANG_WARN_ENUM_CONVERSION = YES;
				CLANG_WARN_INFINITE_RECURSION = YES;
				CLANG_WARN_INT_CONVERSION = YES;
				CLANG_WARN_NON_LITERAL_NULL_CONVERSION = YES;
				CLANG_WARN_OBJC_IMPLICIT_RETAIN_SELF = YES;
				CLANG_WARN_OBJC_LITERAL_CONVERSION = YES;
				CLANG_WARN_OBJC_ROOT_CLASS = YES_ERROR;
				CLANG_WARN_QUOTED_INCLUDE_IN_FRAMEWORK_HEADER = YES;
				CLANG_WARN_RANGE_LOOP_ANALYSIS = YES;
				CLANG_WARN_STRICT_PROTOTYPES = YES;
				CLANG_WARN_SUSPICIOUS_MOVE = YES;
				CLANG_WARN_UNGUARDED_AVAILABILITY = YES_AGGRESSIVE;
				CLANG_WARN_UNREACHABLE_CODE = YES;
				CLANG_WARN__DUPLICATE_METHOD_MATCH = YES;
				COPY_PHASE_STRIP = NO;
				DEBUG_INFORMATION_FORMAT = dwarf;
				ENABLE_STRICT_OBJC_MSGSEND = YES;
				ENABLE_TESTABILITY = YES;
				ENABLE_USER_SCRIPT_SANDBOXING = YES;
				GCC_C_LANGUAGE_STANDARD = gnu17;
				GCC_DYNAMIC_NO_PIC = NO;
				GCC_NO_COMMON_BLOCKS = YES;
				GCC_OPTIMIZATION_LEVEL = 0;
				GCC_PREPROCESSOR_DEFINITIONS = (
					"DEBUG=1",
					"$(inherited)",
				);
				GCC_WARN_64_TO_32_BIT_CONVERSION = YES;
				GCC_WARN_ABOUT_RETURN_TYPE = YES_ERROR;
				GCC_WARN_UNDECLARED_SELECTOR = YES;
				GCC_WARN_UNINITIALIZED_AUTOS = YES_AGGRESSIVE;
				GCC_WARN_UNUSED_FUNCTION = YES;
				GCC_WARN_UNUSED_VARIABLE = YES;
				IPHONEOS_DEPLOYMENT_TARGET = 18.2;
				LOCALIZATION_PREFERS_STRING_CATALOGS = YES;
				MTL_ENABLE_DEBUG_INFO = INCLUDE_SOURCE;
				MTL_FAST_MATH = YES;
				ONLY_ACTIVE_ARCH = YES;
				SDKROOT = iphoneos;
				SWIFT_ACTIVE_COMPILATION_CONDITIONS = "DEBUG $(inherited)";
				SWIFT_OPTIMIZATION_LEVEL = "-Onone";
			};
			name = Debug;
		};
		40C5BACA2D6E588900E7AA91 /* Release */ = {
			isa = XCBuildConfiguration;
			buildSettings = {
				ALWAYS_SEARCH_USER_PATHS = NO;
				ASSETCATALOG_COMPILER_GENERATE_SWIFT_ASSET_SYMBOL_EXTENSIONS = YES;
				CLANG_ANALYZER_NONNULL = YES;
				CLANG_ANALYZER_NUMBER_OBJECT_CONVERSION = YES_AGGRESSIVE;
				CLANG_CXX_LANGUAGE_STANDARD = "gnu++20";
				CLANG_ENABLE_MODULES = YES;
				CLANG_ENABLE_OBJC_ARC = YES;
				CLANG_ENABLE_OBJC_WEAK = YES;
				CLANG_WARN_BLOCK_CAPTURE_AUTORELEASING = YES;
				CLANG_WARN_BOOL_CONVERSION = YES;
				CLANG_WARN_COMMA = YES;
				CLANG_WARN_CONSTANT_CONVERSION = YES;
				CLANG_WARN_DEPRECATED_OBJC_IMPLEMENTATIONS = YES;
				CLANG_WARN_DIRECT_OBJC_ISA_USAGE = YES_ERROR;
				CLANG_WARN_DOCUMENTATION_COMMENTS = YES;
				CLANG_WARN_EMPTY_BODY = YES;
				CLANG_WARN_ENUM_CONVERSION = YES;
				CLANG_WARN_INFINITE_RECURSION = YES;
				CLANG_WARN_INT_CONVERSION = YES;
				CLANG_WARN_NON_LITERAL_NULL_CONVERSION = YES;
				CLANG_WARN_OBJC_IMPLICIT_RETAIN_SELF = YES;
				CLANG_WARN_OBJC_LITERAL_CONVERSION = YES;
				CLANG_WARN_OBJC_ROOT_CLASS = YES_ERROR;
				CLANG_WARN_QUOTED_INCLUDE_IN_FRAMEWORK_HEADER = YES;
				CLANG_WARN_RANGE_LOOP_ANALYSIS = YES;
				CLANG_WARN_STRICT_PROTOTYPES = YES;
				CLANG_WARN_SUSPICIOUS_MOVE = YES;
				CLANG_WARN_UNGUARDED_AVAILABILITY = YES_AGGRESSIVE;
				CLANG_WARN_UNREACHABLE_CODE = YES;
				CLANG_WARN__DUPLICATE_METHOD_MATCH = YES;
				COPY_PHASE_STRIP = NO;
				DEBUG_INFORMATION_FORMAT = "dwarf-with-dsym";
				ENABLE_NS_ASSERTIONS = NO;
				ENABLE_STRICT_OBJC_MSGSEND = YES;
				ENABLE_USER_SCRIPT_SANDBOXING = YES;
				GCC_C_LANGUAGE_STANDARD = gnu17;
				GCC_NO_COMMON_BLOCKS = YES;
				GCC_WARN_64_TO_32_BIT_CONVERSION = YES;
				GCC_WARN_ABOUT_RETURN_TYPE = YES_ERROR;
				GCC_WARN_UNDECLARED_SELECTOR = YES;
				GCC_WARN_UNINITIALIZED_AUTOS = YES_AGGRESSIVE;
				GCC_WARN_UNUSED_FUNCTION = YES;
				GCC_WARN_UNUSED_VARIABLE = YES;
				IPHONEOS_DEPLOYMENT_TARGET = 18.2;
				LOCALIZATION_PREFERS_STRING_CATALOGS = YES;
				MTL_ENABLE_DEBUG_INFO = NO;
				MTL_FAST_MATH = YES;
				SDKROOT = iphoneos;
				SWIFT_COMPILATION_MODE = wholemodule;
				VALIDATE_PRODUCT = YES;
			};
			name = Release;
		};
		40C5BACC2D6E588900E7AA91 /* Debug */ = {
			isa = XCBuildConfiguration;
			buildSettings = {
				BUNDLE_LOADER = "$(TEST_HOST)";
				CODE_SIGN_STYLE = Automatic;
				CURRENT_PROJECT_VERSION = 1;
				DEVELOPMENT_TEAM = M9MT23QW7V;
				GENERATE_INFOPLIST_FILE = YES;
				IPHONEOS_DEPLOYMENT_TARGET = 18.2;
				MARKETING_VERSION = 1.0;
				PRODUCT_BUNDLE_IDENTIFIER = "noahpope.Milestone5-CapThatPicTests";
				PRODUCT_NAME = "$(TARGET_NAME)";
				SWIFT_EMIT_LOC_STRINGS = NO;
				SWIFT_VERSION = 5.0;
				TARGETED_DEVICE_FAMILY = "1,2";
				TEST_HOST = "$(BUILT_PRODUCTS_DIR)/Milestone5-CapThatPic.app/$(BUNDLE_EXECUTABLE_FOLDER_PATH)/Milestone5-CapThatPic";
			};
			name = Debug;
		};
		40C5BACD2D6E588900E7AA91 /* Release */ = {
			isa = XCBuildConfiguration;
			buildSettings = {
				BUNDLE_LOADER = "$(TEST_HOST)";
				CODE_SIGN_STYLE = Automatic;
				CURRENT_PROJECT_VERSION = 1;
				DEVELOPMENT_TEAM = M9MT23QW7V;
				GENERATE_INFOPLIST_FILE = YES;
				IPHONEOS_DEPLOYMENT_TARGET = 18.2;
				MARKETING_VERSION = 1.0;
				PRODUCT_BUNDLE_IDENTIFIER = "noahpope.Milestone5-CapThatPicTests";
				PRODUCT_NAME = "$(TARGET_NAME)";
				SWIFT_EMIT_LOC_STRINGS = NO;
				SWIFT_VERSION = 5.0;
				TARGETED_DEVICE_FAMILY = "1,2";
				TEST_HOST = "$(BUILT_PRODUCTS_DIR)/Milestone5-CapThatPic.app/$(BUNDLE_EXECUTABLE_FOLDER_PATH)/Milestone5-CapThatPic";
			};
			name = Release;
		};
		40C5BACF2D6E588900E7AA91 /* Debug */ = {
			isa = XCBuildConfiguration;
			buildSettings = {
				CODE_SIGN_STYLE = Automatic;
				CURRENT_PROJECT_VERSION = 1;
				DEVELOPMENT_TEAM = M9MT23QW7V;
				GENERATE_INFOPLIST_FILE = YES;
				MARKETING_VERSION = 1.0;
				PRODUCT_BUNDLE_IDENTIFIER = "noahpope.Milestone5-CapThatPicUITests";
				PRODUCT_NAME = "$(TARGET_NAME)";
				SWIFT_EMIT_LOC_STRINGS = NO;
				SWIFT_VERSION = 5.0;
				TARGETED_DEVICE_FAMILY = "1,2";
				TEST_TARGET_NAME = "Milestone5-CapThatPic";
			};
			name = Debug;
		};
		40C5BAD02D6E588900E7AA91 /* Release */ = {
			isa = XCBuildConfiguration;
			buildSettings = {
				CODE_SIGN_STYLE = Automatic;
				CURRENT_PROJECT_VERSION = 1;
				DEVELOPMENT_TEAM = M9MT23QW7V;
				GENERATE_INFOPLIST_FILE = YES;
				MARKETING_VERSION = 1.0;
				PRODUCT_BUNDLE_IDENTIFIER = "noahpope.Milestone5-CapThatPicUITests";
				PRODUCT_NAME = "$(TARGET_NAME)";
				SWIFT_EMIT_LOC_STRINGS = NO;
				SWIFT_VERSION = 5.0;
				TARGETED_DEVICE_FAMILY = "1,2";
				TEST_TARGET_NAME = "Milestone5-CapThatPic";
			};
			name = Release;
		};
/* End XCBuildConfiguration section */

/* Begin XCConfigurationList section */
		40C5BA952D6E588100E7AA91 /* Build configuration list for PBXProject "Milestone5-CapThatPic" */ = {
			isa = XCConfigurationList;
			buildConfigurations = (
				40C5BAC92D6E588900E7AA91 /* Debug */,
				40C5BACA2D6E588900E7AA91 /* Release */,
			);
			defaultConfigurationIsVisible = 0;
			defaultConfigurationName = Release;
		};
		40C5BAC62D6E588900E7AA91 /* Build configuration list for PBXNativeTarget "Milestone5-CapThatPic" */ = {
			isa = XCConfigurationList;
			buildConfigurations = (
				40C5BAC72D6E588900E7AA91 /* Debug */,
				40C5BAC82D6E588900E7AA91 /* Release */,
			);
			defaultConfigurationIsVisible = 0;
			defaultConfigurationName = Release;
		};
		40C5BACB2D6E588900E7AA91 /* Build configuration list for PBXNativeTarget "Milestone5-CapThatPicTests" */ = {
			isa = XCConfigurationList;
			buildConfigurations = (
				40C5BACC2D6E588900E7AA91 /* Debug */,
				40C5BACD2D6E588900E7AA91 /* Release */,
			);
			defaultConfigurationIsVisible = 0;
			defaultConfigurationName = Release;
		};
		40C5BACE2D6E588900E7AA91 /* Build configuration list for PBXNativeTarget "Milestone5-CapThatPicUITests" */ = {
			isa = XCConfigurationList;
			buildConfigurations = (
				40C5BACF2D6E588900E7AA91 /* Debug */,
				40C5BAD02D6E588900E7AA91 /* Release */,
			);
			defaultConfigurationIsVisible = 0;
			defaultConfigurationName = Release;
		};
/* End XCConfigurationList section */

/* Begin XCVersionGroup section */
		40C5BAD82D6E58F800E7AA91 /* Milestone5_CapThatPic.xcdatamodeld */ = {
			isa = XCVersionGroup;
			children = (
				40C5BADC2D6E58F800E7AA91 /* Milestone5_CapThatPic.xcdatamodel */,
			);
			currentVersion = 40C5BADC2D6E58F800E7AA91 /* Milestone5_CapThatPic.xcdatamodel */;
			path = Milestone5_CapThatPic.xcdatamodeld;
			sourceTree = "<group>";
			versionGroupType = wrapper.xcdatamodel;
		};
/* End XCVersionGroup section */
	};
	rootObject = 40C5BA922D6E588100E7AA91 /* Project object */;
}
