// !$*UTF8*$!
{
	archiveVersion = 1;
	classes = {
	};
	objectVersion = 77;
	objects = {

/* Begin PBXContainerItemProxy section */
		40C5BAB42D6E588900E7AA91 /* PBXContainerItemProxy */ = {
			isa = PBXContainerItemProxy;
			containerPortal = 40C5BA922D6E588100E7AA91 /* Project object */;
			proxyType = 1;
			remoteGlobalIDString = 40C5BA992D6E588100E7AA91;
			remoteInfo = "Milestone5-CapThatPic";
		};
		40C5BABE2D6E588900E7AA91 /* PBXContainerItemProxy */ = {
			isa = PBXContainerItemProxy;
			containerPortal = 40C5BA922D6E588100E7AA91 /* Project object */;
			proxyType = 1;
			remoteGlobalIDString = 40C5BA992D6E588100E7AA91;
			remoteInfo = "Milestone5-CapThatPic";
		};
/* End PBXContainerItemProxy section */

/* Begin PBXFileReference section */
		40C5BA9A2D6E588100E7AA91 /* Milestone5-CapThatPic.app */ = {isa = PBXFileReference; explicitFileType = wrapper.application; includeInIndex = 0; path = "Milestone5-CapThatPic.app"; sourceTree = BUILT_PRODUCTS_DIR; };
		40C5BAB32D6E588900E7AA91 /* Milestone5-CapThatPicTests.xctest */ = {isa = PBXFileReference; explicitFileType = wrapper.cfbundle; includeInIndex = 0; path = "Milestone5-CapThatPicTests.xctest"; sourceTree = BUILT_PRODUCTS_DIR; };
		40C5BABD2D6E588900E7AA91 /* Milestone5-CapThatPicUITests.xctest */ = {isa = PBXFileReference; explicitFileType = wrapper.cfbundle; includeInIndex = 0; path = "Milestone5-CapThatPicUITests.xctest"; sourceTree = BUILT_PRODUCTS_DIR; };
/* End PBXFileReference section */

/* Begin PBXFileSystemSynchronizedBuildFileExceptionSet section */
		40C5BAC52D6E588900E7AA91 /* Exceptions for "Milestone5-CapThatPic" folder in "Milestone5-CapThatPic" target */ = {
			isa = PBXFileSystemSynchronizedBuildFileExceptionSet;
			membershipExceptions = (
				Info.plist,
			);
			target = 40C5BA992D6E588100E7AA91 /* Milestone5-CapThatPic */;
		};
/* End PBXFileSystemSynchronizedBuildFileExceptionSet section */

/* Begin PBXFileSystemSynchronizedRootGroup section */
		40C5BA9C2D6E588100E7AA91 /* Milestone5-CapThatPic */ = {
			isa = PBXFileSystemSynchronizedRootGroup;
			exceptions = (
				40C5BAC52D6E588900E7AA91 /* Exceptions for "Milestone5-CapThatPic" folder in "Milestone5-CapThatPic" target */,
			);
			path = "Milestone5-CapThatPic";
			sourceTree = "<group>";
		};
		40C5BAB62D6E588900E7AA91 /* Milestone5-CapThatPicTests */ = {
			isa = PBXFileSystemSynchronizedRootGroup;
			path = "Milestone5-CapThatPicTests";
			sourceTree = "<group>";
		};
		40C5BAC02D6E588900E7AA91 /* Milestone5-CapThatPicUITests */ = {
			isa = PBXFileSystemSynchronizedRootGroup;
			path = "Milestone5-CapThatPicUITests";
			sourceTree = "<group>";
		};
/* End PBXFileSystemSynchronizedRootGroup section */

/* Begin PBXFrameworksBuildPhase section */
		40C5BA972D6E588100E7AA91 /* Frameworks */ = {
			isa = PBXFrameworksBuildPhase;
			buildActionMask = 2147483647;
			files = (
			);
			runOnlyForDeploymentPostprocessing = 0;
		};
		40C5BAB02D6E588900E7AA91 /* Frameworks */ = {
			isa = PBXFrameworksBuildPhase;
			buildActionMask = 2147483647;
			files = (
			);
			runOnlyForDeploymentPostprocessing = 0;
		};
		40C5BABA2D6E588900E7AA91 /* Frameworks */ = {
			isa = PBXFrameworksBuildPhase;
			buildActionMask = 2147483647;
			files = (
			);
			runOnlyForDeploymentPostprocessing = 0;
		};
/* End PBXFrameworksBuildPhase section */

/* Begin PBXGroup section */
		40C5BA912D6E588100E7AA91 = {
			isa = PBXGroup;
			children = (
				40C5BA9C2D6E588100E7AA91 /* Milestone5-CapThatPic */,
				40C5BAB62D6E588900E7AA91 /* Milestone5-CapThatPicTests */,
				40C5BAC02D6E588900E7AA91 /* Milestone5-CapThatPicUITests */,
				40C5BA9B2D6E588100E7AA91 /* Products */,
			);
			sourceTree = "<group>";
		};
		40C5BA9B2D6E588100E7AA91 /* Products */ = {
			isa = PBXGroup;
			children = (
				40C5BA9A2D6E588100E7AA91 /* Milestone5-CapThatPic.app */,
				40C5BAB32D6E588900E7AA91 /* Milestone5-CapThatPicTests.xctest */,
				40C5BABD2D6E588900E7AA91 /* Milestone5-CapThatPicUITests.xctest */,
			);
			name = Products;
			sourceTree = "<group>";
		};
/* End PBXGroup section */

/* Begin PBXNativeTarget section */
		40C5BA992D6E588100E7AA91 /* Milestone5-CapThatPic */ = {
			isa = PBXNativeTarget;
			buildConfigurationList = 40C5BAC62D6E588900E7AA91 /* Build configuration list for PBXNativeTarget "Milestone5-CapThatPic" */;
			buildPhases = (
				40C5BA962D6E588100E7AA91 /* Sources */,
				40C5BA972D6E588100E7AA91 /* Frameworks */,
				40C5BA982D6E588100E7AA91 /* Resources */,
			);
			buildRules = (
			);
			dependencies = (
			);
			fileSystemSynchronizedGroups = (
				40C5BA9C2D6E588100E7AA91 /* Milestone5-CapThatPic */,
			);
			name = "Milestone5-CapThatPic";
			packageProductDependencies = (
			);
			productName = "Milestone5-CapThatPic";
			productReference = 40C5BA9A2D6E588100E7AA91 /* Milestone5-CapThatPic.app */;
			productType = "com.apple.product-type.application";
		};
		40C5BAB22D6E588900E7AA91 /* Milestone5-CapThatPicTests */ = {
			isa = PBXNativeTarget;
			buildConfigurationList = 40C5BACB2D6E588900E7AA91 /* Build configuration list for PBXNativeTarget "Milestone5-CapThatPicTests" */;
			buildPhases = (
				40C5BAAF2D6E588900E7AA91 /* Sources */,
				40C5BAB02D6E588900E7AA91 /* Frameworks */,
				40C5BAB12D6E588900E7AA91 /* Resources */,
			);
			buildRules = (
			);
			dependencies = (
				40C5BAB52D6E588900E7AA91 /* PBXTargetDependency */,
			);
			fileSystemSynchronizedGroups = (
				40C5BAB62D6E588900E7AA91 /* Milestone5-CapThatPicTests */,
			);
			name = "Milestone5-CapThatPicTests";
			packageProductDependencies = (
			);
			productName = "Milestone5-CapThatPicTests";
			productReference = 40C5BAB32D6E588900E7AA91 /* Milestone5-CapThatPicTests.xctest */;
			productType = "com.apple.product-type.bundle.unit-test";
		};
		40C5BABC2D6E588900E7AA91 /* Milestone5-CapThatPicUITests */ = {
			isa = PBXNativeTarget;
			buildConfigurationList = 40C5BACE2D6E588900E7AA91 /* Build configuration list for PBXNativeTarget "Milestone5-CapThatPicUITests" */;
			buildPhases = (
				40C5BAB92D6E588900E7AA91 /* Sources */,
				40C5BABA2D6E588900E7AA91 /* Frameworks */,
				40C5BABB2D6E588900E7AA91 /* Resources */,
			);
			buildRules = (
			);
			dependencies = (
				40C5BABF2D6E588900E7AA91 /* PBXTargetDependency */,
			);
			fileSystemSynchronizedGroups = (
				40C5BAC02D6E588900E7AA91 /* Milestone5-CapThatPicUITests */,
			);
			name = "Milestone5-CapThatPicUITests";
			packageProductDependencies = (
			);
			productName = "Milestone5-CapThatPicUITests";
			productReference = 40C5BABD2D6E588900E7AA91 /* Milestone5-CapThatPicUITests.xctest */;
			productType = "com.apple.product-type.bundle.ui-testing";
		};
/* End PBXNativeTarget section */

/* Begin PBXProject section */
		40C5BA922D6E588100E7AA91 /* Project object */ = {
			isa = PBXProject;
			attributes = {
				BuildIndependentTargetsInParallel = 1;
				LastSwiftUpdateCheck = 1620;
				LastUpgradeCheck = 1620;
				TargetAttributes = {
					40C5BA992D6E588100E7AA91 = {
						CreatedOnToolsVersion = 16.2;
					};
					40C5BAB22D6E588900E7AA91 = {
						CreatedOnToolsVersion = 16.2;
						TestTargetID = 40C5BA992D6E588100E7AA91;
					};
					40C5BABC2D6E588900E7AA91 = {
						CreatedOnToolsVersion = 16.2;
						TestTargetID = 40C5BA992D6E588100E7AA91;
					};
				};
			};
			buildConfigurationList = 40C5BA952D6E588100E7AA91 /* Build configuration list for PBXProject "Milestone5-CapThatPic" */;
			developmentRegion = en;
			hasScannedForEncodings = 0;
			knownRegions = (
				en,
				Base,
			);
			mainGroup = 40C5BA912D6E588100E7AA91;
			minimizedProjectReferenceProxies = 1;
			preferredProjectObjectVersion = 77;
			productRefGroup = 40C5BA9B2D6E588100E7AA91 /* Products */;
			projectDirPath = "";
			projectRoot = "";
			targets = (
				40C5BA992D6E588100E7AA91 /* Milestone5-CapThatPic */,
				40C5BAB22D6E588900E7AA91 /* Milestone5-CapThatPicTests */,
				40C5BABC2D6E588900E7AA91 /* Milestone5-CapThatPicUITests */,
			);
		};
/* End PBXProject section */

/* Begin PBXResourcesBuildPhase section */
		40C5BA982D6E588100E7AA91 /* Resources */ = {
			isa = PBXResourcesBuildPhase;
			buildActionMask = 2147483647;
			files = (
			);
			runOnlyForDeploymentPostprocessing = 0;
		};
		40C5BAB12D6E588900E7AA91 /* Resources */ = {
			isa = PBXResourcesBuildPhase;
			buildActionMask = 2147483647;
			files = (
			);
			runOnlyForDeploymentPostprocessing = 0;
		};
		40C5BABB2D6E588900E7AA91 /* Resources */ = {
			isa = PBXResourcesBuildPhase;
			buildActionMask = 2147483647;
			files = (
			);
			runOnlyForDeploymentPostprocessing = 0;
		};
/* End PBXResourcesBuildPhase section */

/* Begin PBXSourcesBuildPhase section */
		40C5BA962D6E588100E7AA91 /* Sources */ = {
			isa = PBXSourcesBuildPhase;
			buildActionMask = 2147483647;
			files = (
			);
			runOnlyForDeploymentPostprocessing = 0;
		};
		40C5BAAF2D6E588900E7AA91 /* Sources */ = {
			isa = PBXSourcesBuildPhase;
			buildActionMask = 2147483647;
			files = (
			);
			runOnlyForDeploymentPostprocessing = 0;
		};
		40C5BAB92D6E588900E7AA91 /* Sources */ = {
			isa = PBXSourcesBuildPhase;
			buildActionMask = 2147483647;
			files = (
			);
			runOnlyForDeploymentPostprocessing = 0;
		};
/* End PBXSourcesBuildPhase section */

/* Begin PBXTargetDependency section */
		40C5BAB52D6E588900E7AA91 /* PBXTargetDependency */ = {
			isa = PBXTargetDependency;
			target = 40C5BA992D6E588100E7AA91 /* Milestone5-CapThatPic */;
			targetProxy = 40C5BAB42D6E588900E7AA91 /* PBXContainerItemProxy */;
		};
		40C5BABF2D6E588900E7AA91 /* PBXTargetDependency */ = {
			isa = PBXTargetDependency;
			target = 40C5BA992D6E588100E7AA91 /* Milestone5-CapThatPic */;
			targetProxy = 40C5BABE2D6E588900E7AA91 /* PBXContainerItemProxy */;
		};
/* End PBXTargetDependency section */

/* Begin XCBuildConfiguration section */
		40C5BAC72D6E588900E7AA91 /* Debug */ = {
			isa = XCBuildConfiguration;
			buildSettings = {
				ASSETCATALOG_COMPILER_APPICON_NAME = AppIcon;
				ASSETCATALOG_COMPILER_GLOBAL_ACCENT_COLOR_NAME = AccentColor;
				CODE_SIGN_STYLE = Automatic;
				CURRENT_PROJECT_VERSION = 1;
				DEVELOPMENT_TEAM = M9MT23QW7V;
				GENERATE_INFOPLIST_FILE = YES;
				INFOPLIST_FILE = "Milestone5-CapThatPic/Info.plist";
				INFOPLIST_KEY_UIApplicationSupportsIndirectInputEvents = YES;
				INFOPLIST_KEY_UILaunchStoryboardName = LaunchScreen;
				INFOPLIST_KEY_UIMainStoryboardFile = Main;
				INFOPLIST_KEY_UISupportedInterfaceOrientations_iPad = "UIInterfaceOrientationPortrait UIInterfaceOrientationPortraitUpsideDown UIInterfaceOrientationLandscapeLeft UIInterfaceOrientationLandscapeRight";
				INFOPLIST_KEY_UISupportedInterfaceOrientations_iPhone = "UIInterfaceOrientationPortrait UIInterfaceOrientationLandscapeLeft UIInterfaceOrientationLandscapeRight";
				LD_RUNPATH_SEARCH_PATHS = (
					"$(inherited)",
					"@executable_path/Frameworks",
				);
				MARKETING_VERSION = 1.0;
				PRODUCT_BUNDLE_IDENTIFIER = "noahpope.Milestone5-CapThatPic";
				PRODUCT_NAME = "$(TARGET_NAME)";
				SWIFT_EMIT_LOC_STRINGS = YES;
				SWIFT_VERSION = 5.0;
				TARGETED_DEVICE_FAMILY = "1,2";
			};
			name = Debug;
		};
		40C5BAC82D6E588900E7AA91 /* Release */ = {
			isa = XCBuildConfiguration;
			buildSettings = {
				ASSETCATALOG_COMPILER_APPICON_NAME = AppIcon;
				ASSETCATALOG_COMPILER_GLOBAL_ACCENT_COLOR_NAME = AccentColor;
				CODE_SIGN_STYLE = Automatic;
				CURRENT_PROJECT_VERSION = 1;
				DEVELOPMENT_TEAM = M9MT23QW7V;
				GENERATE_INFOPLIST_FILE = YES;
				INFOPLIST_FILE = "Milestone5-CapThatPic/Info.plist";
				INFOPLIST_KEY_UIApplicationSupportsIndirectInputEvents = YES;
				INFOPLIST_KEY_UILaunchStoryboardName = LaunchScreen;
				INFOPLIST_KEY_UIMainStoryboardFile = Main;
				INFOPLIST_KEY_UISupportedInterfaceOrientations_iPad = "UIInterfaceOrientationPortrait UIInterfaceOrientationPortraitUpsideDown UIInterfaceOrientationLandscapeLeft UIInterfaceOrientationLandscapeRight";
				INFOPLIST_KEY_UISupportedInterfaceOrientations_iPhone = "UIInterfaceOrientationPortrait UIInterfaceOrientationLandscapeLeft UIInterfaceOrientationLandscapeRight";
				LD_RUNPATH_SEARCH_PATHS = (
					"$(inherited)",
					"@executable_path/Frameworks",
				);
				MARKETING_VERSION = 1.0;
				PRODUCT_BUNDLE_IDENTIFIER = "noahpope.Milestone5-CapThatPic";
				PRODUCT_NAME = "$(TARGET_NAME)";
				SWIFT_EMIT_LOC_STRINGS = YES;
				SWIFT_VERSION = 5.0;
				TARGETED_DEVICE_FAMILY = "1,2";
			};
			name = Release;
		};
		40C5BAC92D6E588900E7AA91 /* Debug */ = {
			isa = XCBuildConfiguration;
			buildSettings = {
				ALWAYS_SEARCH_USER_PATHS = NO;
				ASSETCATALOG_COMPILER_GENERATE_SWIFT_ASSET_SYMBOL_EXTENSIONS = YES;
				CLANG_ANALYZER_NONNULL = YES;
				CLANG_ANALYZER_NUMBER_OBJECT_CONVERSION = YES_AGGRESSIVE;
				CLANG_CXX_LANGUAGE_STANDARD = "gnu++20";
				CLANG_ENABLE_MODULES = YES;
				CLANG_ENABLE_OBJC_ARC = YES;
				CLANG_ENABLE_OBJC_WEAK = YES;
				CLANG_WARN_BLOCK_CAPTURE_AUTORELEASING = YES;
				CLANG_WARN_BOOL_CONVERSION = YES;
				CLANG_WARN_COMMA = YES;
				CLANG_WARN_CONSTANT_CONVERSION = YES;
				CLANG_WARN_DEPRECATED_OBJC_IMPLEMENTATIONS = YES;
				CLANG_WARN_DIRECT_OBJC_ISA_USAGE = YES_ERROR;
				CLANG_WARN_DOCUMENTATION_COMMENTS = YES;
				CLANG_WARN_EMPTY_BODY = YES;
				CLANG_WARN_ENUM_CONVERSION = YES;
				CLANG_WARN_INFINITE_RECURSION = YES;
				CLANG_WARN_INT_CONVERSION = YES;
				CLANG_WARN_NON_LITERAL_NULL_CONVERSION = YES;
				CLANG_WARN_OBJC_IMPLICIT_RETAIN_SELF = YES;
				CLANG_WARN_OBJC_LITERAL_CONVERSION = YES;
				CLANG_WARN_OBJC_ROOT_CLASS = YES_ERROR;
				CLANG_WARN_QUOTED_INCLUDE_IN_FRAMEWORK_HEADER = YES;
				CLANG_WARN_RANGE_LOOP_ANALYSIS = YES;
				CLANG_WARN_STRICT_PROTOTYPES = YES;
				CLANG_WARN_SUSPICIOUS_MOVE = YES;
				CLANG_WARN_UNGUARDED_AVAILABILITY = YES_AGGRESSIVE;
				CLANG_WARN_UNREACHABLE_CODE = YES;
				CLANG_WARN__DUPLICATE_METHOD_MATCH = YES;
				COPY_PHASE_STRIP = NO;
				DEBUG_INFORMATION_FORMAT = dwarf;
				ENABLE_STRICT_OBJC_MSGSEND = YES;
				ENABLE_TESTABILITY = YES;
				ENABLE_USER_SCRIPT_SANDBOXING = YES;
				GCC_C_LANGUAGE_STANDARD = gnu17;
				GCC_DYNAMIC_NO_PIC = NO;
				GCC_NO_COMMON_BLOCKS = YES;
				GCC_OPTIMIZATION_LEVEL = 0;
				GCC_PREPROCESSOR_DEFINITIONS = (
					"DEBUG=1",
					"$(inherited)",
				);
				GCC_WARN_64_TO_32_BIT_CONVERSION = YES;
				GCC_WARN_ABOUT_RETURN_TYPE = YES_ERROR;
				GCC_WARN_UNDECLARED_SELECTOR = YES;
				GCC_WARN_UNINITIALIZED_AUTOS = YES_AGGRESSIVE;
				GCC_WARN_UNUSED_FUNCTION = YES;
				GCC_WARN_UNUSED_VARIABLE = YES;
				IPHONEOS_DEPLOYMENT_TARGET = 18.2;
				LOCALIZATION_PREFERS_STRING_CATALOGS = YES;
				MTL_ENABLE_DEBUG_INFO = INCLUDE_SOURCE;
				MTL_FAST_MATH = YES;
				ONLY_ACTIVE_ARCH = YES;
				SDKROOT = iphoneos;
				SWIFT_ACTIVE_COMPILATION_CONDITIONS = "DEBUG $(inherited)";
				SWIFT_OPTIMIZATION_LEVEL = "-Onone";
			};
			name = Debug;
		};
		40C5BACA2D6E588900E7AA91 /* Release */ = {
			isa = XCBuildConfiguration;
			buildSettings = {
				ALWAYS_SEARCH_USER_PATHS = NO;
				ASSETCATALOG_COMPILER_GENERATE_SWIFT_ASSET_SYMBOL_EXTENSIONS = YES;
				CLANG_ANALYZER_NONNULL = YES;
				CLANG_ANALYZER_NUMBER_OBJECT_CONVERSION = YES_AGGRESSIVE;
				CLANG_CXX_LANGUAGE_STANDARD = "gnu++20";
				CLANG_ENABLE_MODULES = YES;
				CLANG_ENABLE_OBJC_ARC = YES;
				CLANG_ENABLE_OBJC_WEAK = YES;
				CLANG_WARN_BLOCK_CAPTURE_AUTORELEASING = YES;
				CLANG_WARN_BOOL_CONVERSION = YES;
				CLANG_WARN_COMMA = YES;
				CLANG_WARN_CONSTANT_CONVERSION = YES;
				CLANG_WARN_DEPRECATED_OBJC_IMPLEMENTATIONS = YES;
				CLANG_WARN_DIRECT_OBJC_ISA_USAGE = YES_ERROR;
				CLANG_WARN_DOCUMENTATION_COMMENTS = YES;
				CLANG_WARN_EMPTY_BODY = YES;
				CLANG_WARN_ENUM_CONVERSION = YES;
				CLANG_WARN_INFINITE_RECURSION = YES;
				CLANG_WARN_INT_CONVERSION = YES;
				CLANG_WARN_NON_LITERAL_NULL_CONVERSION = YES;
				CLANG_WARN_OBJC_IMPLICIT_RETAIN_SELF = YES;
				CLANG_WARN_OBJC_LITERAL_CONVERSION = YES;
				CLANG_WARN_OBJC_ROOT_CLASS = YES_ERROR;
				CLANG_WARN_QUOTED_INCLUDE_IN_FRAMEWORK_HEADER = YES;
				CLANG_WARN_RANGE_LOOP_ANALYSIS = YES;
				CLANG_WARN_STRICT_PROTOTYPES = YES;
				CLANG_WARN_SUSPICIOUS_MOVE = YES;
				CLANG_WARN_UNGUARDED_AVAILABILITY = YES_AGGRESSIVE;
				CLANG_WARN_UNREACHABLE_CODE = YES;
				CLANG_WARN__DUPLICATE_METHOD_MATCH = YES;
				COPY_PHASE_STRIP = NO;
				DEBUG_INFORMATION_FORMAT = "dwarf-with-dsym";
				ENABLE_NS_ASSERTIONS = NO;
				ENABLE_STRICT_OBJC_MSGSEND = YES;
				ENABLE_USER_SCRIPT_SANDBOXING = YES;
				GCC_C_LANGUAGE_STANDARD = gnu17;
				GCC_NO_COMMON_BLOCKS = YES;
				GCC_WARN_64_TO_32_BIT_CONVERSION = YES;
				GCC_WARN_ABOUT_RETURN_TYPE = YES_ERROR;
				GCC_WARN_UNDECLARED_SELECTOR = YES;
				GCC_WARN_UNINITIALIZED_AUTOS = YES_AGGRESSIVE;
				GCC_WARN_UNUSED_FUNCTION = YES;
				GCC_WARN_UNUSED_VARIABLE = YES;
				IPHONEOS_DEPLOYMENT_TARGET = 18.2;
				LOCALIZATION_PREFERS_STRING_CATALOGS = YES;
				MTL_ENABLE_DEBUG_INFO = NO;
				MTL_FAST_MATH = YES;
				SDKROOT = iphoneos;
				SWIFT_COMPILATION_MODE = wholemodule;
				VALIDATE_PRODUCT = YES;
			};
			name = Release;
		};
		40C5BACC2D6E588900E7AA91 /* Debug */ = {
			isa = XCBuildConfiguration;
			buildSettings = {
				BUNDLE_LOADER = "$(TEST_HOST)";
				CODE_SIGN_STYLE = Automatic;
				CURRENT_PROJECT_VERSION = 1;
				DEVELOPMENT_TEAM = M9MT23QW7V;
				GENERATE_INFOPLIST_FILE = YES;
				IPHONEOS_DEPLOYMENT_TARGET = 18.2;
				MARKETING_VERSION = 1.0;
				PRODUCT_BUNDLE_IDENTIFIER = "noahpope.Milestone5-CapThatPicTests";
				PRODUCT_NAME = "$(TARGET_NAME)";
				SWIFT_EMIT_LOC_STRINGS = NO;
				SWIFT_VERSION = 5.0;
				TARGETED_DEVICE_FAMILY = "1,2";
				TEST_HOST = "$(BUILT_PRODUCTS_DIR)/Milestone5-CapThatPic.app/$(BUNDLE_EXECUTABLE_FOLDER_PATH)/Milestone5-CapThatPic";
			};
			name = Debug;
		};
		40C5BACD2D6E588900E7AA91 /* Release */ = {
			isa = XCBuildConfiguration;
			buildSettings = {
				BUNDLE_LOADER = "$(TEST_HOST)";
				CODE_SIGN_STYLE = Automatic;
				CURRENT_PROJECT_VERSION = 1;
				DEVELOPMENT_TEAM = M9MT23QW7V;
				GENERATE_INFOPLIST_FILE = YES;
				IPHONEOS_DEPLOYMENT_TARGET = 18.2;
				MARKETING_VERSION = 1.0;
				PRODUCT_BUNDLE_IDENTIFIER = "noahpope.Milestone5-CapThatPicTests";
				PRODUCT_NAME = "$(TARGET_NAME)";
				SWIFT_EMIT_LOC_STRINGS = NO;
				SWIFT_VERSION = 5.0;
				TARGETED_DEVICE_FAMILY = "1,2";
				TEST_HOST = "$(BUILT_PRODUCTS_DIR)/Milestone5-CapThatPic.app/$(BUNDLE_EXECUTABLE_FOLDER_PATH)/Milestone5-CapThatPic";
			};
			name = Release;
		};
		40C5BACF2D6E588900E7AA91 /* Debug */ = {
			isa = XCBuildConfiguration;
			buildSettings = {
				CODE_SIGN_STYLE = Automatic;
				CURRENT_PROJECT_VERSION = 1;
				DEVELOPMENT_TEAM = M9MT23QW7V;
				GENERATE_INFOPLIST_FILE = YES;
				MARKETING_VERSION = 1.0;
				PRODUCT_BUNDLE_IDENTIFIER = "noahpope.Milestone5-CapThatPicUITests";
				PRODUCT_NAME = "$(TARGET_NAME)";
				SWIFT_EMIT_LOC_STRINGS = NO;
				SWIFT_VERSION = 5.0;
				TARGETED_DEVICE_FAMILY = "1,2";
				TEST_TARGET_NAME = "Milestone5-CapThatPic";
			};
			name = Debug;
		};
		40C5BAD02D6E588900E7AA91 /* Release */ = {
			isa = XCBuildConfiguration;
			buildSettings = {
				CODE_SIGN_STYLE = Automatic;
				CURRENT_PROJECT_VERSION = 1;
				DEVELOPMENT_TEAM = M9MT23QW7V;
				GENERATE_INFOPLIST_FILE = YES;
				MARKETING_VERSION = 1.0;
				PRODUCT_BUNDLE_IDENTIFIER = "noahpope.Milestone5-CapThatPicUITests";
				PRODUCT_NAME = "$(TARGET_NAME)";
				SWIFT_EMIT_LOC_STRINGS = NO;
				SWIFT_VERSION = 5.0;
				TARGETED_DEVICE_FAMILY = "1,2";
				TEST_TARGET_NAME = "Milestone5-CapThatPic";
			};
			name = Release;
		};
/* End XCBuildConfiguration section */

/* Begin XCConfigurationList section */
		40C5BA952D6E588100E7AA91 /* Build configuration list for PBXProject "Milestone5-CapThatPic" */ = {
			isa = XCConfigurationList;
			buildConfigurations = (
				40C5BAC92D6E588900E7AA91 /* Debug */,
				40C5BACA2D6E588900E7AA91 /* Release */,
			);
			defaultConfigurationIsVisible = 0;
			defaultConfigurationName = Release;
		};
		40C5BAC62D6E588900E7AA91 /* Build configuration list for PBXNativeTarget "Milestone5-CapThatPic" */ = {
			isa = XCConfigurationList;
			buildConfigurations = (
				40C5BAC72D6E588900E7AA91 /* Debug */,
				40C5BAC82D6E588900E7AA91 /* Release */,
			);
			defaultConfigurationIsVisible = 0;
			defaultConfigurationName = Release;
		};
		40C5BACB2D6E588900E7AA91 /* Build configuration list for PBXNativeTarget "Milestone5-CapThatPicTests" */ = {
			isa = XCConfigurationList;
			buildConfigurations = (
				40C5BACC2D6E588900E7AA91 /* Debug */,
				40C5BACD2D6E588900E7AA91 /* Release */,
			);
			defaultConfigurationIsVisible = 0;
			defaultConfigurationName = Release;
		};
		40C5BACE2D6E588900E7AA91 /* Build configuration list for PBXNativeTarget "Milestone5-CapThatPicUITests" */ = {
			isa = XCConfigurationList;
			buildConfigurations = (
				40C5BACF2D6E588900E7AA91 /* Debug */,
				40C5BAD02D6E588900E7AA91 /* Release */,
			);
			defaultConfigurationIsVisible = 0;
			defaultConfigurationName = Release;
		};
/* End XCConfigurationList section */
	};
	rootObject = 40C5BA922D6E588100E7AA91 /* Project object */;
}
